
Microsoft Visual Studio Solution File, Format Version 12.00
# Visual Studio 14
VisualStudioVersion = 14.0.24720.0
MinimumVisualStudioVersion = 10.0.40219.1
Project("{8BC9CEB8-8B4A-11D0-8D11-00A0C91BC942}") = "tp1", "tp1\tp1.vcxproj", "{C6CBBEB7-18A6-4AC0-AA55-154533D1DE07}"
EndProject
Project("{8BC9CEB8-8B4A-11D0-8D11-00A0C91BC942}") = "tp2", "tp2\tp2.vcxproj", "{ADF874A8-9AA6-47B8-B177-44F4F4C035BA}"
EndProject
Project("{8BC9CEB8-8B4A-11D0-8D11-00A0C91BC942}") = "tp3", "tp3\tp3.vcxproj", "{F714D373-65DB-4930-8AF7-C31D8AE557AB}"
EndProject
Project("{8BC9CEB8-8B4A-11D0-8D11-00A0C91BC942}") = "tp4", "tp4\tp4.vcxproj", "{821D147F-A8BB-4E83-8CBE-279614E3E918}"
EndProject
Project("{8BC9CEB8-8B4A-11D0-8D11-00A0C91BC942}") = "tp5", "tp5\tp5.vcxproj", "{08754B72-AD57-43E0-AAAF-E44AE8BC1077}"
EndProject
Project("{8BC9CEB8-8B4A-11D0-8D11-00A0C91BC942}") = "tp6", "tp6.c\tp6.c.vcxproj", "{DE840C9F-FEAE-4E24-93EA-48A0EF3DF5A8}"
EndProject
Project("{8BC9CEB8-8B4A-11D0-8D11-00A0C91BC942}") = "tp7", "tp7\tp7.vcxproj", "{FC06AC97-C9DB-425A-98AC-9E190F21CED9}"
EndProject
Project("{8BC9CEB8-8B4A-11D0-8D11-00A0C91BC942}") = "tp8", "tp8\tp8.vcxproj", "{6D18D03D-8516-4446-BF16-DC39B7D7D4ED}"
EndProject
Project("{8BC9CEB8-8B4A-11D0-8D11-00A0C91BC942}") = "tp9", "tp9\tp9.vcxproj", "{06D6EC9C-93C9-48D7-88D6-0EF68DAA46AE}"
EndProject
Project("{8BC9CEB8-8B4A-11D0-8D11-00A0C91BC942}") = "tp10", "tp10\tp10.vcxproj", "{EC1E06C9-CFE2-4C97-A9D8-9C22B1B39776}"
EndProject
Project("{8BC9CEB8-8B4A-11D0-8D11-00A0C91BC942}") = "tp11", "tp11\tp11.vcxproj", "{4E1FB9FA-AC5F-44AB-B731-2E00F9687992}"
EndProject
Project("{8BC9CEB8-8B4A-11D0-8D11-00A0C91BC942}") = "tp12", "tp12\tp12.vcxproj", "{1E0349A8-F7B7-4DEA-BB5B-21574FB6AF9A}"
EndProject
Project("{8BC9CEB8-8B4A-11D0-8D11-00A0C91BC942}") = "tp13", "tp13\tp13.vcxproj", "{EF2EF8B3-36B8-4071-A2B6-47B5FCDDB3C7}"
EndProject
Global
	GlobalSection(SolutionConfigurationPlatforms) = preSolution
		Debug|Win32 = Debug|Win32
		Debug|x64 = Debug|x64
		Release|Win32 = Release|Win32
		Release|x64 = Release|x64
	EndGlobalSection
	GlobalSection(ProjectConfigurationPlatforms) = postSolution
		{C6CBBEB7-18A6-4AC0-AA55-154533D1DE07}.Debug|Win32.ActiveCfg = Debug|Win32
		{C6CBBEB7-18A6-4AC0-AA55-154533D1DE07}.Debug|Win32.Build.0 = Debug|Win32
		{C6CBBEB7-18A6-4AC0-AA55-154533D1DE07}.Debug|x64.ActiveCfg = Debug|Win32
		{C6CBBEB7-18A6-4AC0-AA55-154533D1DE07}.Release|Win32.ActiveCfg = Release|Win32
		{C6CBBEB7-18A6-4AC0-AA55-154533D1DE07}.Release|Win32.Build.0 = Release|Win32
		{C6CBBEB7-18A6-4AC0-AA55-154533D1DE07}.Release|x64.ActiveCfg = Release|Win32
		{ADF874A8-9AA6-47B8-B177-44F4F4C035BA}.Debug|Win32.ActiveCfg = Debug|Win32
		{ADF874A8-9AA6-47B8-B177-44F4F4C035BA}.Debug|Win32.Build.0 = Debug|Win32
		{ADF874A8-9AA6-47B8-B177-44F4F4C035BA}.Debug|x64.ActiveCfg = Debug|Win32
		{ADF874A8-9AA6-47B8-B177-44F4F4C035BA}.Release|Win32.ActiveCfg = Release|Win32
		{ADF874A8-9AA6-47B8-B177-44F4F4C035BA}.Release|Win32.Build.0 = Release|Win32
		{ADF874A8-9AA6-47B8-B177-44F4F4C035BA}.Release|x64.ActiveCfg = Release|Win32
		{F714D373-65DB-4930-8AF7-C31D8AE557AB}.Debug|Win32.ActiveCfg = Debug|Win32
		{F714D373-65DB-4930-8AF7-C31D8AE557AB}.Debug|Win32.Build.0 = Debug|Win32
		{F714D373-65DB-4930-8AF7-C31D8AE557AB}.Debug|x64.ActiveCfg = Debug|Win32
		{F714D373-65DB-4930-8AF7-C31D8AE557AB}.Release|Win32.ActiveCfg = Release|Win32
		{F714D373-65DB-4930-8AF7-C31D8AE557AB}.Release|Win32.Build.0 = Release|Win32
		{F714D373-65DB-4930-8AF7-C31D8AE557AB}.Release|x64.ActiveCfg = Release|Win32
		{821D147F-A8BB-4E83-8CBE-279614E3E918}.Debug|Win32.ActiveCfg = Debug|Win32
		{821D147F-A8BB-4E83-8CBE-279614E3E918}.Debug|Win32.Build.0 = Debug|Win32
		{821D147F-A8BB-4E83-8CBE-279614E3E918}.Debug|x64.ActiveCfg = Debug|Win32
		{821D147F-A8BB-4E83-8CBE-279614E3E918}.Release|Win32.ActiveCfg = Release|Win32
		{821D147F-A8BB-4E83-8CBE-279614E3E918}.Release|Win32.Build.0 = Release|Win32
		{821D147F-A8BB-4E83-8CBE-279614E3E918}.Release|x64.ActiveCfg = Release|Win32
		{08754B72-AD57-43E0-AAAF-E44AE8BC1077}.Debug|Win32.ActiveCfg = Debug|Win32
		{08754B72-AD57-43E0-AAAF-E44AE8BC1077}.Debug|Win32.Build.0 = Debug|Win32
		{08754B72-AD57-43E0-AAAF-E44AE8BC1077}.Debug|x64.ActiveCfg = Debug|Win32
		{08754B72-AD57-43E0-AAAF-E44AE8BC1077}.Release|Win32.ActiveCfg = Release|Win32
		{08754B72-AD57-43E0-AAAF-E44AE8BC1077}.Release|Win32.Build.0 = Release|Win32
		{08754B72-AD57-43E0-AAAF-E44AE8BC1077}.Release|x64.ActiveCfg = Release|Win32
		{DE840C9F-FEAE-4E24-93EA-48A0EF3DF5A8}.Debug|Win32.ActiveCfg = Debug|Win32
		{DE840C9F-FEAE-4E24-93EA-48A0EF3DF5A8}.Debug|Win32.Build.0 = Debug|Win32
		{DE840C9F-FEAE-4E24-93EA-48A0EF3DF5A8}.Debug|x64.ActiveCfg = Debug|Win32
		{DE840C9F-FEAE-4E24-93EA-48A0EF3DF5A8}.Release|Win32.ActiveCfg = Release|Win32
		{DE840C9F-FEAE-4E24-93EA-48A0EF3DF5A8}.Release|Win32.Build.0 = Release|Win32
		{DE840C9F-FEAE-4E24-93EA-48A0EF3DF5A8}.Release|x64.ActiveCfg = Release|Win32
		{FC06AC97-C9DB-425A-98AC-9E190F21CED9}.Debug|Win32.ActiveCfg = Debug|Win32
		{FC06AC97-C9DB-425A-98AC-9E190F21CED9}.Debug|Win32.Build.0 = Debug|Win32
		{FC06AC97-C9DB-425A-98AC-9E190F21CED9}.Debug|x64.ActiveCfg = Debug|x64
		{FC06AC97-C9DB-425A-98AC-9E190F21CED9}.Debug|x64.Build.0 = Debug|x64
		{FC06AC97-C9DB-425A-98AC-9E190F21CED9}.Release|Win32.ActiveCfg = Release|Win32
		{FC06AC97-C9DB-425A-98AC-9E190F21CED9}.Release|Win32.Build.0 = Release|Win32
		{FC06AC97-C9DB-425A-98AC-9E190F21CED9}.Release|x64.ActiveCfg = Release|x64
		{FC06AC97-C9DB-425A-98AC-9E190F21CED9}.Release|x64.Build.0 = Release|x64
		{6D18D03D-8516-4446-BF16-DC39B7D7D4ED}.Debug|Win32.ActiveCfg = Debug|Win32
		{6D18D03D-8516-4446-BF16-DC39B7D7D4ED}.Debug|Win32.Build.0 = Debug|Win32
		{6D18D03D-8516-4446-BF16-DC39B7D7D4ED}.Debug|x64.ActiveCfg = Debug|x64
		{6D18D03D-8516-4446-BF16-DC39B7D7D4ED}.Debug|x64.Build.0 = Debug|x64
		{6D18D03D-8516-4446-BF16-DC39B7D7D4ED}.Release|Win32.ActiveCfg = Release|Win32
		{6D18D03D-8516-4446-BF16-DC39B7D7D4ED}.Release|Win32.Build.0 = Release|Win32
		{6D18D03D-8516-4446-BF16-DC39B7D7D4ED}.Release|x64.ActiveCfg = Release|x64
		{6D18D03D-8516-4446-BF16-DC39B7D7D4ED}.Release|x64.Build.0 = Release|x64
		{06D6EC9C-93C9-48D7-88D6-0EF68DAA46AE}.Debug|Win32.ActiveCfg = Debug|Win32
		{06D6EC9C-93C9-48D7-88D6-0EF68DAA46AE}.Debug|Win32.Build.0 = Debug|Win32
		{06D6EC9C-93C9-48D7-88D6-0EF68DAA46AE}.Debug|x64.ActiveCfg = Debug|x64
		{06D6EC9C-93C9-48D7-88D6-0EF68DAA46AE}.Debug|x64.Build.0 = Debug|x64
		{06D6EC9C-93C9-48D7-88D6-0EF68DAA46AE}.Release|Win32.ActiveCfg = Release|Win32
		{06D6EC9C-93C9-48D7-88D6-0EF68DAA46AE}.Release|Win32.Build.0 = Release|Win32
		{06D6EC9C-93C9-48D7-88D6-0EF68DAA46AE}.Release|x64.ActiveCfg = Release|x64
		{06D6EC9C-93C9-48D7-88D6-0EF68DAA46AE}.Release|x64.Build.0 = Release|x64
		{EC1E06C9-CFE2-4C97-A9D8-9C22B1B39776}.Debug|Win32.ActiveCfg = Debug|Win32
		{EC1E06C9-CFE2-4C97-A9D8-9C22B1B39776}.Debug|Win32.Build.0 = Debug|Win32
		{EC1E06C9-CFE2-4C97-A9D8-9C22B1B39776}.Debug|x64.ActiveCfg = Debug|x64
		{EC1E06C9-CFE2-4C97-A9D8-9C22B1B39776}.Debug|x64.Build.0 = Debug|x64
		{EC1E06C9-CFE2-4C97-A9D8-9C22B1B39776}.Release|Win32.ActiveCfg = Release|Win32
		{EC1E06C9-CFE2-4C97-A9D8-9C22B1B39776}.Release|Win32.Build.0 = Release|Win32
		{EC1E06C9-CFE2-4C97-A9D8-9C22B1B39776}.Release|x64.ActiveCfg = Release|x64
		{EC1E06C9-CFE2-4C97-A9D8-9C22B1B39776}.Release|x64.Build.0 = Release|x64
		{4E1FB9FA-AC5F-44AB-B731-2E00F9687992}.Debug|Win32.ActiveCfg = Debug|Win32
		{4E1FB9FA-AC5F-44AB-B731-2E00F9687992}.Debug|Win32.Build.0 = Debug|Win32
		{4E1FB9FA-AC5F-44AB-B731-2E00F9687992}.Debug|x64.ActiveCfg = Debug|x64
		{4E1FB9FA-AC5F-44AB-B731-2E00F9687992}.Debug|x64.Build.0 = Debug|x64
		{4E1FB9FA-AC5F-44AB-B731-2E00F9687992}.Release|Win32.ActiveCfg = Release|Win32
		{4E1FB9FA-AC5F-44AB-B731-2E00F9687992}.Release|Win32.Build.0 = Release|Win32
		{4E1FB9FA-AC5F-44AB-B731-2E00F9687992}.Release|x64.ActiveCfg = Release|x64
		{4E1FB9FA-AC5F-44AB-B731-2E00F9687992}.Release|x64.Build.0 = Release|x64
		{1E0349A8-F7B7-4DEA-BB5B-21574FB6AF9A}.Debug|Win32.ActiveCfg = Debug|Win32
		{1E0349A8-F7B7-4DEA-BB5B-21574FB6AF9A}.Debug|Win32.Build.0 = Debug|Win32
		{1E0349A8-F7B7-4DEA-BB5B-21574FB6AF9A}.Debug|x64.ActiveCfg = Debug|x64
		{1E0349A8-F7B7-4DEA-BB5B-21574FB6AF9A}.Debug|x64.Build.0 = Debug|x64
		{1E0349A8-F7B7-4DEA-BB5B-21574FB6AF9A}.Release|Win32.ActiveCfg = Release|Win32
		{1E0349A8-F7B7-4DEA-BB5B-21574FB6AF9A}.Release|Win32.Build.0 = Release|Win32
		{1E0349A8-F7B7-4DEA-BB5B-21574FB6AF9A}.Release|x64.ActiveCfg = Release|x64
		{1E0349A8-F7B7-4DEA-BB5B-21574FB6AF9A}.Release|x64.Build.0 = Release|x64
		{EF2EF8B3-36B8-4071-A2B6-47B5FCDDB3C7}.Debug|Win32.ActiveCfg = Debug|Win32
		{EF2EF8B3-36B8-4071-A2B6-47B5FCDDB3C7}.Debug|Win32.Build.0 = Debug|Win32
		{EF2EF8B3-36B8-4071-A2B6-47B5FCDDB3C7}.Debug|x64.ActiveCfg = Debug|x64
		{EF2EF8B3-36B8-4071-A2B6-47B5FCDDB3C7}.Debug|x64.Build.0 = Debug|x64
		{EF2EF8B3-36B8-4071-A2B6-47B5FCDDB3C7}.Release|Win32.ActiveCfg = Release|Win32
		{EF2EF8B3-36B8-4071-A2B6-47B5FCDDB3C7}.Release|Win32.Build.0 = Release|Win32
		{EF2EF8B3-36B8-4071-A2B6-47B5FCDDB3C7}.Release|x64.ActiveCfg = Release|x64
		{EF2EF8B3-36B8-4071-A2B6-47B5FCDDB3C7}.Release|x64.Build.0 = Release|x64
	EndGlobalSection
	GlobalSection(SolutionProperties) = preSolution
		HideSolutionNode = FALSE
	EndGlobalSection
EndGlobal
